
Microsoft Visual Studio Solution File, Format Version 12.00
# Visual Studio Version 17
VisualStudioVersion = 17.2.32516.85
MinimumVisualStudioVersion = 10.0.40219.1
Project("{9A19103F-16F7-4668-BE54-9A1E7A4F7556}") = "webapi", "WebApplication1\webapi.csproj", "{950C0F6E-090A-4312-B154-2509010ED23A}"
EndProject
Global
	GlobalSection(SolutionConfigurationPlatforms) = preSolution
		Debug|Any CPU = Debug|Any CPU
		Release|Any CPU = Release|Any CPU
	EndGlobalSection
	GlobalSection(ProjectConfigurationPlatforms) = postSolution
		{950C0F6E-090A-4312-B154-2509010ED23A}.Debug|Any CPU.ActiveCfg = Debug|Any CPU
		{950C0F6E-090A-4312-B154-2509010ED23A}.Debug|Any CPU.Build.0 = Debug|Any CPU
		{950C0F6E-090A-4312-B154-2509010ED23A}.Release|Any CPU.ActiveCfg = Release|Any CPU
		{950C0F6E-090A-4312-B154-2509010ED23A}.Release|Any CPU.Build.0 = Release|Any CPU
	EndGlobalSection
	GlobalSection(SolutionProperties) = preSolution
		HideSolutionNode = FALSE
	EndGlobalSection
	GlobalSection(ExtensibilityGlobals) = postSolution
		SolutionGuid = {46671200-9125-466A-9985-B25071F777D2}
	EndGlobalSection
EndGlobal
